
Microsoft Visual Studio Solution File, Format Version 12.00
# Visual Studio Version 17
VisualStudioVersion = 17.14.36603.0 d17.14
MinimumVisualStudioVersion = 10.0.40219.1
Project("{FAE04EC0-301F-11D3-BF4B-00C04F79EFBC}") = "API", "API\API.csproj", "{6FD1647C-C219-40CF-B63C-BF94BD508FC1}"
EndProject
Global
	GlobalSection(SolutionConfigurationPlatforms) = preSolution
		Debug|Any CPU = Debug|Any CPU
		Release|Any CPU = Release|Any CPU
	EndGlobalSection
	GlobalSection(ProjectConfigurationPlatforms) = postSolution
		{6FD1647C-C219-40CF-B63C-BF94BD508FC1}.Debug|Any CPU.ActiveCfg = Debug|Any CPU
		{6FD1647C-C219-40CF-B63C-BF94BD508FC1}.Debug|Any CPU.Build.0 = Debug|Any CPU
		{6FD1647C-C219-40CF-B63C-BF94BD508FC1}.Release|Any CPU.ActiveCfg = Release|Any CPU
		{6FD1647C-C219-40CF-B63C-BF94BD508FC1}.Release|Any CPU.Build.0 = Release|Any CPU
	EndGlobalSection
	GlobalSection(SolutionProperties) = preSolution
		HideSolutionNode = FALSE
	EndGlobalSection
	GlobalSection(ExtensibilityGlobals) = postSolution
		SolutionGuid = {D55546D2-058E-452A-B5BC-53E4F1F4AE52}
	EndGlobalSection
EndGlobal
